
Microsoft Visual Studio Solution File, Format Version 12.00
Project("{FAE04EC0-301F-11D3-BF4B-00C04F79EFBC}") = "WebApiGasStationPharmacy", "WebApiGasStationPharmacy\src\WebApiGasStationPharmacy.csproj", "{0F5BDE42-584B-4D43-BE7E-E868345FDC75}"
EndProject
Project("{FAE04EC0-301F-11D3-BF4B-00C04F79EFBC}") = "tests", "WebApiGasStationPharmacy\tests\tests.csproj", "{C5461F59-9DC8-4A5B-BBAA-660DD859BB68}"
EndProject
Global
	GlobalSection(SolutionConfigurationPlatforms) = preSolution
		Debug|Any CPU = Debug|Any CPU
		Release|Any CPU = Release|Any CPU
	EndGlobalSection
	GlobalSection(ProjectConfigurationPlatforms) = postSolution
		{0F5BDE42-584B-4D43-BE7E-E868345FDC75}.Debug|Any CPU.ActiveCfg = Debug|Any CPU
		{0F5BDE42-584B-4D43-BE7E-E868345FDC75}.Debug|Any CPU.Build.0 = Debug|Any CPU
		{0F5BDE42-584B-4D43-BE7E-E868345FDC75}.Release|Any CPU.ActiveCfg = Release|Any CPU
		{0F5BDE42-584B-4D43-BE7E-E868345FDC75}.Release|Any CPU.Build.0 = Release|Any CPU
		{C5461F59-9DC8-4A5B-BBAA-660DD859BB68}.Debug|Any CPU.ActiveCfg = Debug|Any CPU
		{C5461F59-9DC8-4A5B-BBAA-660DD859BB68}.Debug|Any CPU.Build.0 = Debug|Any CPU
		{C5461F59-9DC8-4A5B-BBAA-660DD859BB68}.Release|Any CPU.ActiveCfg = Release|Any CPU
		{C5461F59-9DC8-4A5B-BBAA-660DD859BB68}.Release|Any CPU.Build.0 = Release|Any CPU
	EndGlobalSection
EndGlobal
